
Microsoft Visual Studio Solution File, Format Version 10.00
# Visual Studio 2008
Project("{8BC9CEB8-8B4A-11D0-8D11-00A0C91BC942}") = "wamr_enc", "wamr_enc\wamr_enc.vcproj", "{CCBB81E1-21D5-464B-BF1C-9B72DA6AF465}"
EndProject
Project("{8BC9CEB8-8B4A-11D0-8D11-00A0C91BC942}") = "wamr_dec", "wamr_dec\wamr_dec.vcproj", "{3DE83F64-7A10-4352-BF8A-2CEDE1A71840}"
EndProject
Global
	GlobalSection(SolutionConfigurationPlatforms) = preSolution
		Debug|Win32 = Debug|Win32
		Release|Win32 = Release|Win32
	EndGlobalSection
	GlobalSection(ProjectConfigurationPlatforms) = postSolution
		{CCBB81E1-21D5-464B-BF1C-9B72DA6AF465}.Debug|Win32.ActiveCfg = Debug|Win32
		{CCBB81E1-21D5-464B-BF1C-9B72DA6AF465}.Debug|Win32.Build.0 = Debug|Win32
		{CCBB81E1-21D5-464B-BF1C-9B72DA6AF465}.Release|Win32.ActiveCfg = Release|Win32
		{CCBB81E1-21D5-464B-BF1C-9B72DA6AF465}.Release|Win32.Build.0 = Release|Win32
		{3DE83F64-7A10-4352-BF8A-2CEDE1A71840}.Debug|Win32.ActiveCfg = Debug|Win32
		{3DE83F64-7A10-4352-BF8A-2CEDE1A71840}.Debug|Win32.Build.0 = Debug|Win32
		{3DE83F64-7A10-4352-BF8A-2CEDE1A71840}.Release|Win32.ActiveCfg = Release|Win32
		{3DE83F64-7A10-4352-BF8A-2CEDE1A71840}.Release|Win32.Build.0 = Release|Win32
	EndGlobalSection
	GlobalSection(SolutionProperties) = preSolution
		HideSolutionNode = FALSE
	EndGlobalSection
EndGlobal
